// !$*UTF8*$!
{
	archiveVersion = 1;
	classes = {
	};
	objectVersion = 46;
	objects = {

/* Begin PBXBuildFile section */
		0E43C8920F4B7338DC4B6E58 /* Pods_Hacker_NewsUITests.framework in Frameworks */ = {isa = PBXBuildFile; fileRef = 336FB4AA2128360D25180A92 /* Pods_Hacker_NewsUITests.framework */; };
		2C9F26A0FF19224AC8FD72FC /* Pods_Hacker_NewsTests.framework in Frameworks */ = {isa = PBXBuildFile; fileRef = C490D082D9D519155F688315 /* Pods_Hacker_NewsTests.framework */; };
		B602A52D1ECEB39900327318 /* StoryController.swift in Sources */ = {isa = PBXBuildFile; fileRef = B602A52C1ECEB39900327318 /* StoryController.swift */; };
		B6222C001ECD7BEE001F9DA1 /* SegueHandler.swift in Sources */ = {isa = PBXBuildFile; fileRef = B6222BFF1ECD7BED001F9DA1 /* SegueHandler.swift */; };
		B6222C031ECD8929001F9DA1 /* TopStoriesController.swift in Sources */ = {isa = PBXBuildFile; fileRef = B6222C021ECD8929001F9DA1 /* TopStoriesController.swift */; };
		B6222C051ECDA0EA001F9DA1 /* TopStories.swift in Sources */ = {isa = PBXBuildFile; fileRef = B6222C041ECDA0E9001F9DA1 /* TopStories.swift */; };
		B6222C071ECDA5AF001F9DA1 /* SecondsToHour.swift in Sources */ = {isa = PBXBuildFile; fileRef = B6222C061ECDA5AE001F9DA1 /* SecondsToHour.swift */; };
		B6625D871ECAD162007BF864 /* Constants.swift in Sources */ = {isa = PBXBuildFile; fileRef = B6625D861ECAD162007BF864 /* Constants.swift */; };
		B6625D891ECAD270007BF864 /* Protocols.swift in Sources */ = {isa = PBXBuildFile; fileRef = B6625D881ECAD270007BF864 /* Protocols.swift */; };
		B6625D8B1ECAD2CD007BF864 /* TopStoriesTableViewCell.swift in Sources */ = {isa = PBXBuildFile; fileRef = B6625D8A1ECAD2CD007BF864 /* TopStoriesTableViewCell.swift */; };
		B6625D8D1ECAD598007BF864 /* Story.swift in Sources */ = {isa = PBXBuildFile; fileRef = B6625D8C1ECAD598007BF864 /* Story.swift */; };
		B6625D8F1ECADDDA007BF864 /* Comment.swift in Sources */ = {isa = PBXBuildFile; fileRef = B6625D8E1ECADDDA007BF864 /* Comment.swift */; };
		B681A20A1ECAB41A0000CB76 /* AppDelegate.swift in Sources */ = {isa = PBXBuildFile; fileRef = B681A2091ECAB41A0000CB76 /* AppDelegate.swift */; };
		B681A20C1ECAB41A0000CB76 /* TopStoriesViewController.swift in Sources */ = {isa = PBXBuildFile; fileRef = B681A20B1ECAB41A0000CB76 /* TopStoriesViewController.swift */; };
		B681A20F1ECAB41A0000CB76 /* Main.storyboard in Resources */ = {isa = PBXBuildFile; fileRef = B681A20D1ECAB41A0000CB76 /* Main.storyboard */; };
		B681A2121ECAB41A0000CB76 /* Hacker_News.xcdatamodeld in Sources */ = {isa = PBXBuildFile; fileRef = B681A2101ECAB41A0000CB76 /* Hacker_News.xcdatamodeld */; };
		B681A2141ECAB41A0000CB76 /* Assets.xcassets in Resources */ = {isa = PBXBuildFile; fileRef = B681A2131ECAB41A0000CB76 /* Assets.xcassets */; };
		B681A2171ECAB41A0000CB76 /* LaunchScreen.storyboard in Resources */ = {isa = PBXBuildFile; fileRef = B681A2151ECAB41A0000CB76 /* LaunchScreen.storyboard */; };
		B681A2221ECAB41A0000CB76 /* Hacker_NewsTests.swift in Sources */ = {isa = PBXBuildFile; fileRef = B681A2211ECAB41A0000CB76 /* Hacker_NewsTests.swift */; };
		B681A22D1ECAB41A0000CB76 /* Hacker_NewsUITests.swift in Sources */ = {isa = PBXBuildFile; fileRef = B681A22C1ECAB41A0000CB76 /* Hacker_NewsUITests.swift */; };
		F823D67195C7A5A7264FD8C7 /* Pods_Hacker_News.framework in Frameworks */ = {isa = PBXBuildFile; fileRef = 8B8457EB72C3F3637607AEA1 /* Pods_Hacker_News.framework */; };
/* End PBXBuildFile section */

/* Begin PBXContainerItemProxy section */
		B681A21E1ECAB41A0000CB76 /* PBXContainerItemProxy */ = {
			isa = PBXContainerItemProxy;
			containerPortal = B681A1FE1ECAB4190000CB76 /* Project object */;
			proxyType = 1;
			remoteGlobalIDString = B681A2051ECAB4190000CB76;
			remoteInfo = "Hacker News";
		};
		B681A2291ECAB41A0000CB76 /* PBXContainerItemProxy */ = {
			isa = PBXContainerItemProxy;
			containerPortal = B681A1FE1ECAB4190000CB76 /* Project object */;
			proxyType = 1;
			remoteGlobalIDString = B681A2051ECAB4190000CB76;
			remoteInfo = "Hacker News";
		};
/* End PBXContainerItemProxy section */

/* Begin PBXFileReference section */
		1E4FE0E501ED399DBC1E7A01 /* Pods-Hacker NewsUITests.release.xcconfig */ = {isa = PBXFileReference; includeInIndex = 1; lastKnownFileType = text.xcconfig; name = "Pods-Hacker NewsUITests.release.xcconfig"; path = "Pods/Target Support Files/Pods-Hacker NewsUITests/Pods-Hacker NewsUITests.release.xcconfig"; sourceTree = "<group>"; };
		23950D6D96601D168682234A /* Pods-Hacker NewsUITests.debug.xcconfig */ = {isa = PBXFileReference; includeInIndex = 1; lastKnownFileType = text.xcconfig; name = "Pods-Hacker NewsUITests.debug.xcconfig"; path = "Pods/Target Support Files/Pods-Hacker NewsUITests/Pods-Hacker NewsUITests.debug.xcconfig"; sourceTree = "<group>"; };
		336FB4AA2128360D25180A92 /* Pods_Hacker_NewsUITests.framework */ = {isa = PBXFileReference; explicitFileType = wrapper.framework; includeInIndex = 0; path = Pods_Hacker_NewsUITests.framework; sourceTree = BUILT_PRODUCTS_DIR; };
		6B421F3DF09C3CF9C3112395 /* Pods-Hacker News.debug.xcconfig */ = {isa = PBXFileReference; includeInIndex = 1; lastKnownFileType = text.xcconfig; name = "Pods-Hacker News.debug.xcconfig"; path = "Pods/Target Support Files/Pods-Hacker News/Pods-Hacker News.debug.xcconfig"; sourceTree = "<group>"; };
		8B8457EB72C3F3637607AEA1 /* Pods_Hacker_News.framework */ = {isa = PBXFileReference; explicitFileType = wrapper.framework; includeInIndex = 0; path = Pods_Hacker_News.framework; sourceTree = BUILT_PRODUCTS_DIR; };
		B602A52C1ECEB39900327318 /* StoryController.swift */ = {isa = PBXFileReference; fileEncoding = 4; lastKnownFileType = sourcecode.swift; path = StoryController.swift; sourceTree = "<group>"; };
		B6222BFF1ECD7BED001F9DA1 /* SegueHandler.swift */ = {isa = PBXFileReference; fileEncoding = 4; lastKnownFileType = sourcecode.swift; path = SegueHandler.swift; sourceTree = "<group>"; };
		B6222C021ECD8929001F9DA1 /* TopStoriesController.swift */ = {isa = PBXFileReference; fileEncoding = 4; lastKnownFileType = sourcecode.swift; path = TopStoriesController.swift; sourceTree = "<group>"; };
		B6222C041ECDA0E9001F9DA1 /* TopStories.swift */ = {isa = PBXFileReference; fileEncoding = 4; lastKnownFileType = sourcecode.swift; path = TopStories.swift; sourceTree = "<group>"; };
		B6222C061ECDA5AE001F9DA1 /* SecondsToHour.swift */ = {isa = PBXFileReference; fileEncoding = 4; lastKnownFileType = sourcecode.swift; path = SecondsToHour.swift; sourceTree = "<group>"; };
		B6625D861ECAD162007BF864 /* Constants.swift */ = {isa = PBXFileReference; fileEncoding = 4; lastKnownFileType = sourcecode.swift; path = Constants.swift; sourceTree = "<group>"; };
		B6625D881ECAD270007BF864 /* Protocols.swift */ = {isa = PBXFileReference; fileEncoding = 4; lastKnownFileType = sourcecode.swift; path = Protocols.swift; sourceTree = "<group>"; };
		B6625D8A1ECAD2CD007BF864 /* TopStoriesTableViewCell.swift */ = {isa = PBXFileReference; fileEncoding = 4; lastKnownFileType = sourcecode.swift; path = TopStoriesTableViewCell.swift; sourceTree = "<group>"; };
		B6625D8C1ECAD598007BF864 /* Story.swift */ = {isa = PBXFileReference; fileEncoding = 4; lastKnownFileType = sourcecode.swift; path = Story.swift; sourceTree = "<group>"; };
		B6625D8E1ECADDDA007BF864 /* Comment.swift */ = {isa = PBXFileReference; fileEncoding = 4; lastKnownFileType = sourcecode.swift; path = Comment.swift; sourceTree = "<group>"; };
		B681A2061ECAB4190000CB76 /* Hacker News.app */ = {isa = PBXFileReference; explicitFileType = wrapper.application; includeInIndex = 0; path = "Hacker News.app"; sourceTree = BUILT_PRODUCTS_DIR; };
		B681A2091ECAB41A0000CB76 /* AppDelegate.swift */ = {isa = PBXFileReference; lastKnownFileType = sourcecode.swift; path = AppDelegate.swift; sourceTree = "<group>"; };
		B681A20B1ECAB41A0000CB76 /* TopStoriesViewController.swift */ = {isa = PBXFileReference; lastKnownFileType = sourcecode.swift; path = TopStoriesViewController.swift; sourceTree = "<group>"; };
		B681A20E1ECAB41A0000CB76 /* Base */ = {isa = PBXFileReference; lastKnownFileType = file.storyboard; name = Base; path = Base.lproj/Main.storyboard; sourceTree = "<group>"; };
		B681A2111ECAB41A0000CB76 /* Hacker_News.xcdatamodel */ = {isa = PBXFileReference; lastKnownFileType = wrapper.xcdatamodel; path = Hacker_News.xcdatamodel; sourceTree = "<group>"; };
		B681A2131ECAB41A0000CB76 /* Assets.xcassets */ = {isa = PBXFileReference; lastKnownFileType = folder.assetcatalog; path = Assets.xcassets; sourceTree = "<group>"; };
		B681A2161ECAB41A0000CB76 /* Base */ = {isa = PBXFileReference; lastKnownFileType = file.storyboard; name = Base; path = Base.lproj/LaunchScreen.storyboard; sourceTree = "<group>"; };
		B681A2181ECAB41A0000CB76 /* Info.plist */ = {isa = PBXFileReference; lastKnownFileType = text.plist.xml; path = Info.plist; sourceTree = "<group>"; };
		B681A21D1ECAB41A0000CB76 /* Hacker NewsTests.xctest */ = {isa = PBXFileReference; explicitFileType = wrapper.cfbundle; includeInIndex = 0; path = "Hacker NewsTests.xctest"; sourceTree = BUILT_PRODUCTS_DIR; };
		B681A2211ECAB41A0000CB76 /* Hacker_NewsTests.swift */ = {isa = PBXFileReference; lastKnownFileType = sourcecode.swift; path = Hacker_NewsTests.swift; sourceTree = "<group>"; };
		B681A2231ECAB41A0000CB76 /* Info.plist */ = {isa = PBXFileReference; lastKnownFileType = text.plist.xml; path = Info.plist; sourceTree = "<group>"; };
		B681A2281ECAB41A0000CB76 /* Hacker NewsUITests.xctest */ = {isa = PBXFileReference; explicitFileType = wrapper.cfbundle; includeInIndex = 0; path = "Hacker NewsUITests.xctest"; sourceTree = BUILT_PRODUCTS_DIR; };
		B681A22C1ECAB41A0000CB76 /* Hacker_NewsUITests.swift */ = {isa = PBXFileReference; lastKnownFileType = sourcecode.swift; path = Hacker_NewsUITests.swift; sourceTree = "<group>"; };
		B681A22E1ECAB41A0000CB76 /* Info.plist */ = {isa = PBXFileReference; lastKnownFileType = text.plist.xml; path = Info.plist; sourceTree = "<group>"; };
		BE13FCF0225D945CE1343EEA /* Pods-Hacker NewsTests.debug.xcconfig */ = {isa = PBXFileReference; includeInIndex = 1; lastKnownFileType = text.xcconfig; name = "Pods-Hacker NewsTests.debug.xcconfig"; path = "Pods/Target Support Files/Pods-Hacker NewsTests/Pods-Hacker NewsTests.debug.xcconfig"; sourceTree = "<group>"; };
		C490D082D9D519155F688315 /* Pods_Hacker_NewsTests.framework */ = {isa = PBXFileReference; explicitFileType = wrapper.framework; includeInIndex = 0; path = Pods_Hacker_NewsTests.framework; sourceTree = BUILT_PRODUCTS_DIR; };
		DF88CF922D2D161EEB5F6F9F /* Pods-Hacker News.release.xcconfig */ = {isa = PBXFileReference; includeInIndex = 1; lastKnownFileType = text.xcconfig; name = "Pods-Hacker News.release.xcconfig"; path = "Pods/Target Support Files/Pods-Hacker News/Pods-Hacker News.release.xcconfig"; sourceTree = "<group>"; };
		E5F5A3907BD5B47C39ACB535 /* Pods-Hacker NewsTests.release.xcconfig */ = {isa = PBXFileReference; includeInIndex = 1; lastKnownFileType = text.xcconfig; name = "Pods-Hacker NewsTests.release.xcconfig"; path = "Pods/Target Support Files/Pods-Hacker NewsTests/Pods-Hacker NewsTests.release.xcconfig"; sourceTree = "<group>"; };
/* End PBXFileReference section */

/* Begin PBXFrameworksBuildPhase section */
		B681A2031ECAB4190000CB76 /* Frameworks */ = {
			isa = PBXFrameworksBuildPhase;
			buildActionMask = 2147483647;
			files = (
				F823D67195C7A5A7264FD8C7 /* Pods_Hacker_News.framework in Frameworks */,
			);
			runOnlyForDeploymentPostprocessing = 0;
		};
		B681A21A1ECAB41A0000CB76 /* Frameworks */ = {
			isa = PBXFrameworksBuildPhase;
			buildActionMask = 2147483647;
			files = (
				2C9F26A0FF19224AC8FD72FC /* Pods_Hacker_NewsTests.framework in Frameworks */,
			);
			runOnlyForDeploymentPostprocessing = 0;
		};
		B681A2251ECAB41A0000CB76 /* Frameworks */ = {
			isa = PBXFrameworksBuildPhase;
			buildActionMask = 2147483647;
			files = (
				0E43C8920F4B7338DC4B6E58 /* Pods_Hacker_NewsUITests.framework in Frameworks */,
			);
			runOnlyForDeploymentPostprocessing = 0;
		};
/* End PBXFrameworksBuildPhase section */

/* Begin PBXGroup section */
		7B3E7C16BCAE80F976F84C02 /* Pods */ = {
			isa = PBXGroup;
			children = (
				6B421F3DF09C3CF9C3112395 /* Pods-Hacker News.debug.xcconfig */,
				DF88CF922D2D161EEB5F6F9F /* Pods-Hacker News.release.xcconfig */,
				BE13FCF0225D945CE1343EEA /* Pods-Hacker NewsTests.debug.xcconfig */,
				E5F5A3907BD5B47C39ACB535 /* Pods-Hacker NewsTests.release.xcconfig */,
				23950D6D96601D168682234A /* Pods-Hacker NewsUITests.debug.xcconfig */,
				1E4FE0E501ED399DBC1E7A01 /* Pods-Hacker NewsUITests.release.xcconfig */,
			);
			name = Pods;
			sourceTree = "<group>";
		};
		B6222C011ECD7C18001F9DA1 /* Controller */ = {
			isa = PBXGroup;
			children = (
				B6222C021ECD8929001F9DA1 /* TopStoriesController.swift */,
				B602A52C1ECEB39900327318 /* StoryController.swift */,
			);
			name = Controller;
			sourceTree = "<group>";
		};
		B6625D851ECAC733007BF864 /* Constants */ = {
			isa = PBXGroup;
			children = (
				B6625D861ECAD162007BF864 /* Constants.swift */,
			);
			name = Constants;
			sourceTree = "<group>";
		};
		B681A1FD1ECAB4190000CB76 = {
			isa = PBXGroup;
			children = (
				B681A2081ECAB4190000CB76 /* Hacker News */,
				B681A2201ECAB41A0000CB76 /* Hacker NewsTests */,
				B681A22B1ECAB41A0000CB76 /* Hacker NewsUITests */,
				B681A2071ECAB4190000CB76 /* Products */,
				7B3E7C16BCAE80F976F84C02 /* Pods */,
				CECC15E6800F4FDCCB1EF9AF /* Frameworks */,
			);
			sourceTree = "<group>";
		};
		B681A2071ECAB4190000CB76 /* Products */ = {
			isa = PBXGroup;
			children = (
				B681A2061ECAB4190000CB76 /* Hacker News.app */,
				B681A21D1ECAB41A0000CB76 /* Hacker NewsTests.xctest */,
				B681A2281ECAB41A0000CB76 /* Hacker NewsUITests.xctest */,
			);
			name = Products;
			sourceTree = "<group>";
		};
		B681A2081ECAB4190000CB76 /* Hacker News */ = {
			isa = PBXGroup;
			children = (
				B6222C011ECD7C18001F9DA1 /* Controller */,
				B6625D851ECAC733007BF864 /* Constants */,
				B681A23F1ECAB9060000CB76 /* ViewControllers */,
				B681A23E1ECAB8FD0000CB76 /* Views */,
				B681A23D1ECAB8F30000CB76 /* Protocols */,
				B681A23B1ECAB8E00000CB76 /* Models */,
				B681A23A1ECAB8D10000CB76 /* Extention */,
				B681A2091ECAB41A0000CB76 /* AppDelegate.swift */,
				B681A20D1ECAB41A0000CB76 /* Main.storyboard */,
				B681A2131ECAB41A0000CB76 /* Assets.xcassets */,
				B681A2151ECAB41A0000CB76 /* LaunchScreen.storyboard */,
				B681A2181ECAB41A0000CB76 /* Info.plist */,
				B681A2101ECAB41A0000CB76 /* Hacker_News.xcdatamodeld */,
			);
			path = "Hacker News";
			sourceTree = "<group>";
		};
		B681A2201ECAB41A0000CB76 /* Hacker NewsTests */ = {
			isa = PBXGroup;
			children = (
				B681A2211ECAB41A0000CB76 /* Hacker_NewsTests.swift */,
				B681A2231ECAB41A0000CB76 /* Info.plist */,
			);
			path = "Hacker NewsTests";
			sourceTree = "<group>";
		};
		B681A22B1ECAB41A0000CB76 /* Hacker NewsUITests */ = {
			isa = PBXGroup;
			children = (
				B681A22C1ECAB41A0000CB76 /* Hacker_NewsUITests.swift */,
				B681A22E1ECAB41A0000CB76 /* Info.plist */,
			);
			path = "Hacker NewsUITests";
			sourceTree = "<group>";
		};
		B681A23A1ECAB8D10000CB76 /* Extention */ = {
			isa = PBXGroup;
			children = (
				B6222C061ECDA5AE001F9DA1 /* SecondsToHour.swift */,
			);
			name = Extention;
			sourceTree = "<group>";
		};
		B681A23B1ECAB8E00000CB76 /* Models */ = {
			isa = PBXGroup;
			children = (
				B6625D8C1ECAD598007BF864 /* Story.swift */,
				B6625D8E1ECADDDA007BF864 /* Comment.swift */,
				B6222C041ECDA0E9001F9DA1 /* TopStories.swift */,
			);
			name = Models;
			sourceTree = "<group>";
		};
		B681A23D1ECAB8F30000CB76 /* Protocols */ = {
			isa = PBXGroup;
			children = (
				B6625D881ECAD270007BF864 /* Protocols.swift */,
				B6222BFF1ECD7BED001F9DA1 /* SegueHandler.swift */,
			);
			name = Protocols;
			sourceTree = "<group>";
		};
		B681A23E1ECAB8FD0000CB76 /* Views */ = {
			isa = PBXGroup;
			children = (
				B6625D8A1ECAD2CD007BF864 /* TopStoriesTableViewCell.swift */,
			);
			name = Views;
			sourceTree = "<group>";
		};
		B681A23F1ECAB9060000CB76 /* ViewControllers */ = {
			isa = PBXGroup;
			children = (
				B681A20B1ECAB41A0000CB76 /* TopStoriesViewController.swift */,
			);
			name = ViewControllers;
			sourceTree = "<group>";
		};
		CECC15E6800F4FDCCB1EF9AF /* Frameworks */ = {
			isa = PBXGroup;
			children = (
				8B8457EB72C3F3637607AEA1 /* Pods_Hacker_News.framework */,
				C490D082D9D519155F688315 /* Pods_Hacker_NewsTests.framework */,
				336FB4AA2128360D25180A92 /* Pods_Hacker_NewsUITests.framework */,
			);
			name = Frameworks;
			sourceTree = "<group>";
		};
/* End PBXGroup section */

/* Begin PBXNativeTarget section */
		B681A2051ECAB4190000CB76 /* Hacker News */ = {
			isa = PBXNativeTarget;
			buildConfigurationList = B681A2311ECAB41A0000CB76 /* Build configuration list for PBXNativeTarget "Hacker News" */;
			buildPhases = (
				252DE0D1D50DD2F649EA3030 /* [CP] Check Pods Manifest.lock */,
				B681A2021ECAB4190000CB76 /* Sources */,
				B681A2031ECAB4190000CB76 /* Frameworks */,
				B681A2041ECAB4190000CB76 /* Resources */,
				1007953FB39954457B7095A8 /* [CP] Embed Pods Frameworks */,
				D797CAB4B69D2B421BCAA8C4 /* [CP] Copy Pods Resources */,
			);
			buildRules = (
			);
			dependencies = (
			);
			name = "Hacker News";
			productName = "Hacker News";
			productReference = B681A2061ECAB4190000CB76 /* Hacker News.app */;
			productType = "com.apple.product-type.application";
		};
		B681A21C1ECAB41A0000CB76 /* Hacker NewsTests */ = {
			isa = PBXNativeTarget;
			buildConfigurationList = B681A2341ECAB41A0000CB76 /* Build configuration list for PBXNativeTarget "Hacker NewsTests" */;
			buildPhases = (
				EA0F72DE19A1D9E44408B38A /* [CP] Check Pods Manifest.lock */,
				B681A2191ECAB41A0000CB76 /* Sources */,
				B681A21A1ECAB41A0000CB76 /* Frameworks */,
				B681A21B1ECAB41A0000CB76 /* Resources */,
				B7CB068FCAB46A2ADE353312 /* [CP] Embed Pods Frameworks */,
				317DC94AD40E6C9CD9B00436 /* [CP] Copy Pods Resources */,
			);
			buildRules = (
			);
			dependencies = (
				B681A21F1ECAB41A0000CB76 /* PBXTargetDependency */,
			);
			name = "Hacker NewsTests";
			productName = "Hacker NewsTests";
			productReference = B681A21D1ECAB41A0000CB76 /* Hacker NewsTests.xctest */;
			productType = "com.apple.product-type.bundle.unit-test";
		};
		B681A2271ECAB41A0000CB76 /* Hacker NewsUITests */ = {
			isa = PBXNativeTarget;
			buildConfigurationList = B681A2371ECAB41A0000CB76 /* Build configuration list for PBXNativeTarget "Hacker NewsUITests" */;
			buildPhases = (
				1E9280081508985EE9B3C47E /* [CP] Check Pods Manifest.lock */,
				B681A2241ECAB41A0000CB76 /* Sources */,
				B681A2251ECAB41A0000CB76 /* Frameworks */,
				B681A2261ECAB41A0000CB76 /* Resources */,
				B6E4B1BF74EF35B5024080A1 /* [CP] Embed Pods Frameworks */,
				B24D22137583EB92EFEC0F2A /* [CP] Copy Pods Resources */,
			);
			buildRules = (
			);
			dependencies = (
				B681A22A1ECAB41A0000CB76 /* PBXTargetDependency */,
			);
			name = "Hacker NewsUITests";
			productName = "Hacker NewsUITests";
			productReference = B681A2281ECAB41A0000CB76 /* Hacker NewsUITests.xctest */;
			productType = "com.apple.product-type.bundle.ui-testing";
		};
/* End PBXNativeTarget section */

/* Begin PBXProject section */
		B681A1FE1ECAB4190000CB76 /* Project object */ = {
			isa = PBXProject;
			attributes = {
				LastSwiftUpdateCheck = 0820;
				LastUpgradeCheck = 0820;
				ORGANIZATIONNAME = none;
				TargetAttributes = {
					B681A2051ECAB4190000CB76 = {
						CreatedOnToolsVersion = 8.2.1;
						DevelopmentTeam = NE55YZCG66;
						ProvisioningStyle = Automatic;
					};
					B681A21C1ECAB41A0000CB76 = {
						CreatedOnToolsVersion = 8.2.1;
						DevelopmentTeam = NE55YZCG66;
						ProvisioningStyle = Automatic;
						TestTargetID = B681A2051ECAB4190000CB76;
					};
					B681A2271ECAB41A0000CB76 = {
						CreatedOnToolsVersion = 8.2.1;
						DevelopmentTeam = NE55YZCG66;
						ProvisioningStyle = Automatic;
						TestTargetID = B681A2051ECAB4190000CB76;
					};
				};
			};
			buildConfigurationList = B681A2011ECAB4190000CB76 /* Build configuration list for PBXProject "Hacker News" */;
			compatibilityVersion = "Xcode 3.2";
			developmentRegion = English;
			hasScannedForEncodings = 0;
			knownRegions = (
				en,
				Base,
			);
			mainGroup = B681A1FD1ECAB4190000CB76;
			productRefGroup = B681A2071ECAB4190000CB76 /* Products */;
			projectDirPath = "";
			projectRoot = "";
			targets = (
				B681A2051ECAB4190000CB76 /* Hacker News */,
				B681A21C1ECAB41A0000CB76 /* Hacker NewsTests */,
				B681A2271ECAB41A0000CB76 /* Hacker NewsUITests */,
			);
		};
/* End PBXProject section */

/* Begin PBXResourcesBuildPhase section */
		B681A2041ECAB4190000CB76 /* Resources */ = {
			isa = PBXResourcesBuildPhase;
			buildActionMask = 2147483647;
			files = (
				B681A2171ECAB41A0000CB76 /* LaunchScreen.storyboard in Resources */,
				B681A2141ECAB41A0000CB76 /* Assets.xcassets in Resources */,
				B681A20F1ECAB41A0000CB76 /* Main.storyboard in Resources */,
			);
			runOnlyForDeploymentPostprocessing = 0;
		};
		B681A21B1ECAB41A0000CB76 /* Resources */ = {
			isa = PBXResourcesBuildPhase;
			buildActionMask = 2147483647;
			files = (
			);
			runOnlyForDeploymentPostprocessing = 0;
		};
		B681A2261ECAB41A0000CB76 /* Resources */ = {
			isa = PBXResourcesBuildPhase;
			buildActionMask = 2147483647;
			files = (
			);
			runOnlyForDeploymentPostprocessing = 0;
		};
/* End PBXResourcesBuildPhase section */

/* Begin PBXShellScriptBuildPhase section */
		1007953FB39954457B7095A8 /* [CP] Embed Pods Frameworks */ = {
			isa = PBXShellScriptBuildPhase;
			buildActionMask = 2147483647;
			files = (
			);
			inputPaths = (
			);
			name = "[CP] Embed Pods Frameworks";
			outputPaths = (
			);
			runOnlyForDeploymentPostprocessing = 0;
			shellPath = /bin/sh;
			shellScript = "\"${SRCROOT}/Pods/Target Support Files/Pods-Hacker News/Pods-Hacker News-frameworks.sh\"\n";
			showEnvVarsInLog = 0;
		};
		1E9280081508985EE9B3C47E /* [CP] Check Pods Manifest.lock */ = {
			isa = PBXShellScriptBuildPhase;
			buildActionMask = 2147483647;
			files = (
			);
			inputPaths = (
			);
			name = "[CP] Check Pods Manifest.lock";
			outputPaths = (
			);
			runOnlyForDeploymentPostprocessing = 0;
			shellPath = /bin/sh;
			shellScript = "diff \"${PODS_PODFILE_DIR_PATH}/Podfile.lock\" \"${PODS_ROOT}/Manifest.lock\" > /dev/null\nif [ $? != 0 ] ; then\n    # print error to STDERR\n    echo \"error: The sandbox is not in sync with the Podfile.lock. Run 'pod install' or update your CocoaPods installation.\" >&2\n    exit 1\nfi\n";
			showEnvVarsInLog = 0;
		};
		252DE0D1D50DD2F649EA3030 /* [CP] Check Pods Manifest.lock */ = {
			isa = PBXShellScriptBuildPhase;
			buildActionMask = 2147483647;
			files = (
			);
			inputPaths = (
			);
			name = "[CP] Check Pods Manifest.lock";
			outputPaths = (
			);
			runOnlyForDeploymentPostprocessing = 0;
			shellPath = /bin/sh;
			shellScript = "diff \"${PODS_PODFILE_DIR_PATH}/Podfile.lock\" \"${PODS_ROOT}/Manifest.lock\" > /dev/null\nif [ $? != 0 ] ; then\n    # print error to STDERR\n    echo \"error: The sandbox is not in sync with the Podfile.lock. Run 'pod install' or update your CocoaPods installation.\" >&2\n    exit 1\nfi\n";
			showEnvVarsInLog = 0;
		};
		317DC94AD40E6C9CD9B00436 /* [CP] Copy Pods Resources */ = {
			isa = PBXShellScriptBuildPhase;
			buildActionMask = 2147483647;
			files = (
			);
			inputPaths = (
			);
			name = "[CP] Copy Pods Resources";
			outputPaths = (
			);
			runOnlyForDeploymentPostprocessing = 0;
			shellPath = /bin/sh;
			shellScript = "\"${SRCROOT}/Pods/Target Support Files/Pods-Hacker NewsTests/Pods-Hacker NewsTests-resources.sh\"\n";
			showEnvVarsInLog = 0;
		};
		B24D22137583EB92EFEC0F2A /* [CP] Copy Pods Resources */ = {
			isa = PBXShellScriptBuildPhase;
			buildActionMask = 2147483647;
			files = (
			);
			inputPaths = (
			);
			name = "[CP] Copy Pods Resources";
			outputPaths = (
			);
			runOnlyForDeploymentPostprocessing = 0;
			shellPath = /bin/sh;
			shellScript = "\"${SRCROOT}/Pods/Target Support Files/Pods-Hacker NewsUITests/Pods-Hacker NewsUITests-resources.sh\"\n";
			showEnvVarsInLog = 0;
		};
		B6E4B1BF74EF35B5024080A1 /* [CP] Embed Pods Frameworks */ = {
			isa = PBXShellScriptBuildPhase;
			buildActionMask = 2147483647;
			files = (
			);
			inputPaths = (
			);
			name = "[CP] Embed Pods Frameworks";
			outputPaths = (
			);
			runOnlyForDeploymentPostprocessing = 0;
			shellPath = /bin/sh;
			shellScript = "\"${SRCROOT}/Pods/Target Support Files/Pods-Hacker NewsUITests/Pods-Hacker NewsUITests-frameworks.sh\"\n";
			showEnvVarsInLog = 0;
		};
		B7CB068FCAB46A2ADE353312 /* [CP] Embed Pods Frameworks */ = {
			isa = PBXShellScriptBuildPhase;
			buildActionMask = 2147483647;
			files = (
			);
			inputPaths = (
			);
			name = "[CP] Embed Pods Frameworks";
			outputPaths = (
			);
			runOnlyForDeploymentPostprocessing = 0;
			shellPath = /bin/sh;
			shellScript = "\"${SRCROOT}/Pods/Target Support Files/Pods-Hacker NewsTests/Pods-Hacker NewsTests-frameworks.sh\"\n";
			showEnvVarsInLog = 0;
		};
		D797CAB4B69D2B421BCAA8C4 /* [CP] Copy Pods Resources */ = {
			isa = PBXShellScriptBuildPhase;
			buildActionMask = 2147483647;
			files = (
			);
			inputPaths = (
			);
			name = "[CP] Copy Pods Resources";
			outputPaths = (
			);
			runOnlyForDeploymentPostprocessing = 0;
			shellPath = /bin/sh;
			shellScript = "\"${SRCROOT}/Pods/Target Support Files/Pods-Hacker News/Pods-Hacker News-resources.sh\"\n";
			showEnvVarsInLog = 0;
		};
		EA0F72DE19A1D9E44408B38A /* [CP] Check Pods Manifest.lock */ = {
			isa = PBXShellScriptBuildPhase;
			buildActionMask = 2147483647;
			files = (
			);
			inputPaths = (
			);
			name = "[CP] Check Pods Manifest.lock";
			outputPaths = (
			);
			runOnlyForDeploymentPostprocessing = 0;
			shellPath = /bin/sh;
			shellScript = "diff \"${PODS_PODFILE_DIR_PATH}/Podfile.lock\" \"${PODS_ROOT}/Manifest.lock\" > /dev/null\nif [ $? != 0 ] ; then\n    # print error to STDERR\n    echo \"error: The sandbox is not in sync with the Podfile.lock. Run 'pod install' or update your CocoaPods installation.\" >&2\n    exit 1\nfi\n";
			showEnvVarsInLog = 0;
		};
/* End PBXShellScriptBuildPhase section */

/* Begin PBXSourcesBuildPhase section */
		B681A2021ECAB4190000CB76 /* Sources */ = {
			isa = PBXSourcesBuildPhase;
			buildActionMask = 2147483647;
			files = (
				B6625D8D1ECAD598007BF864 /* Story.swift in Sources */,
				B6625D891ECAD270007BF864 /* Protocols.swift in Sources */,
				B6625D8B1ECAD2CD007BF864 /* TopStoriesTableViewCell.swift in Sources */,
				B602A52D1ECEB39900327318 /* StoryController.swift in Sources */,
				B6222C001ECD7BEE001F9DA1 /* SegueHandler.swift in Sources */,
				B6222C051ECDA0EA001F9DA1 /* TopStories.swift in Sources */,
				B6625D8F1ECADDDA007BF864 /* Comment.swift in Sources */,
				B681A2121ECAB41A0000CB76 /* Hacker_News.xcdatamodeld in Sources */,
				B681A20C1ECAB41A0000CB76 /* TopStoriesViewController.swift in Sources */,
				B681A20A1ECAB41A0000CB76 /* AppDelegate.swift in Sources */,
				B6625D871ECAD162007BF864 /* Constants.swift in Sources */,
				B6222C071ECDA5AF001F9DA1 /* SecondsToHour.swift in Sources */,
				B6222C031ECD8929001F9DA1 /* TopStoriesController.swift in Sources */,
			);
			runOnlyForDeploymentPostprocessing = 0;
		};
		B681A2191ECAB41A0000CB76 /* Sources */ = {
			isa = PBXSourcesBuildPhase;
			buildActionMask = 2147483647;
			files = (
				B681A2221ECAB41A0000CB76 /* Hacker_NewsTests.swift in Sources */,
			);
			runOnlyForDeploymentPostprocessing = 0;
		};
		B681A2241ECAB41A0000CB76 /* Sources */ = {
			isa = PBXSourcesBuildPhase;
			buildActionMask = 2147483647;
			files = (
				B681A22D1ECAB41A0000CB76 /* Hacker_NewsUITests.swift in Sources */,
			);
			runOnlyForDeploymentPostprocessing = 0;
		};
/* End PBXSourcesBuildPhase section */

/* Begin PBXTargetDependency section */
		B681A21F1ECAB41A0000CB76 /* PBXTargetDependency */ = {
			isa = PBXTargetDependency;
			target = B681A2051ECAB4190000CB76 /* Hacker News */;
			targetProxy = B681A21E1ECAB41A0000CB76 /* PBXContainerItemProxy */;
		};
		B681A22A1ECAB41A0000CB76 /* PBXTargetDependency */ = {
			isa = PBXTargetDependency;
			target = B681A2051ECAB4190000CB76 /* Hacker News */;
			targetProxy = B681A2291ECAB41A0000CB76 /* PBXContainerItemProxy */;
		};
/* End PBXTargetDependency section */

/* Begin PBXVariantGroup section */
		B681A20D1ECAB41A0000CB76 /* Main.storyboard */ = {
			isa = PBXVariantGroup;
			children = (
				B681A20E1ECAB41A0000CB76 /* Base */,
			);
			name = Main.storyboard;
			sourceTree = "<group>";
		};
		B681A2151ECAB41A0000CB76 /* LaunchScreen.storyboard */ = {
			isa = PBXVariantGroup;
			children = (
				B681A2161ECAB41A0000CB76 /* Base */,
			);
			name = LaunchScreen.storyboard;
			sourceTree = "<group>";
		};
/* End PBXVariantGroup section */

/* Begin XCBuildConfiguration section */
		B681A22F1ECAB41A0000CB76 /* Debug */ = {
			isa = XCBuildConfiguration;
			buildSettings = {
				ALWAYS_SEARCH_USER_PATHS = NO;
				CLANG_ANALYZER_NONNULL = YES;
				CLANG_CXX_LANGUAGE_STANDARD = "gnu++0x";
				CLANG_CXX_LIBRARY = "libc++";
				CLANG_ENABLE_MODULES = YES;
				CLANG_ENABLE_OBJC_ARC = YES;
				CLANG_WARN_BOOL_CONVERSION = YES;
				CLANG_WARN_CONSTANT_CONVERSION = YES;
				CLANG_WARN_DIRECT_OBJC_ISA_USAGE = YES_ERROR;
				CLANG_WARN_DOCUMENTATION_COMMENTS = YES;
				CLANG_WARN_EMPTY_BODY = YES;
				CLANG_WARN_ENUM_CONVERSION = YES;
				CLANG_WARN_INFINITE_RECURSION = YES;
				CLANG_WARN_INT_CONVERSION = YES;
				CLANG_WARN_OBJC_ROOT_CLASS = YES_ERROR;
				CLANG_WARN_SUSPICIOUS_MOVE = YES;
				CLANG_WARN_UNREACHABLE_CODE = YES;
				CLANG_WARN__DUPLICATE_METHOD_MATCH = YES;
				"CODE_SIGN_IDENTITY[sdk=iphoneos*]" = "iPhone Developer";
				COPY_PHASE_STRIP = NO;
				DEBUG_INFORMATION_FORMAT = dwarf;
				ENABLE_STRICT_OBJC_MSGSEND = YES;
				ENABLE_TESTABILITY = YES;
				GCC_C_LANGUAGE_STANDARD = gnu99;
				GCC_DYNAMIC_NO_PIC = NO;
				GCC_NO_COMMON_BLOCKS = YES;
				GCC_OPTIMIZATION_LEVEL = 0;
				GCC_PREPROCESSOR_DEFINITIONS = (
					"DEBUG=1",
					"$(inherited)",
				);
				GCC_WARN_64_TO_32_BIT_CONVERSION = YES;
				GCC_WARN_ABOUT_RETURN_TYPE = YES_ERROR;
				GCC_WARN_UNDECLARED_SELECTOR = YES;
				GCC_WARN_UNINITIALIZED_AUTOS = YES_AGGRESSIVE;
				GCC_WARN_UNUSED_FUNCTION = YES;
				GCC_WARN_UNUSED_VARIABLE = YES;
				IPHONEOS_DEPLOYMENT_TARGET = 10.2;
				MTL_ENABLE_DEBUG_INFO = YES;
				ONLY_ACTIVE_ARCH = YES;
				SDKROOT = iphoneos;
				SWIFT_ACTIVE_COMPILATION_CONDITIONS = DEBUG;
				SWIFT_OPTIMIZATION_LEVEL = "-Onone";
				TARGETED_DEVICE_FAMILY = "1,2";
			};
			name = Debug;
		};
		B681A2301ECAB41A0000CB76 /* Release */ = {
			isa = XCBuildConfiguration;
			buildSettings = {
				ALWAYS_SEARCH_USER_PATHS = NO;
				CLANG_ANALYZER_NONNULL = YES;
				CLANG_CXX_LANGUAGE_STANDARD = "gnu++0x";
				CLANG_CXX_LIBRARY = "libc++";
				CLANG_ENABLE_MODULES = YES;
				CLANG_ENABLE_OBJC_ARC = YES;
				CLANG_WARN_BOOL_CONVERSION = YES;
				CLANG_WARN_CONSTANT_CONVERSION = YES;
				CLANG_WARN_DIRECT_OBJC_ISA_USAGE = YES_ERROR;
				CLANG_WARN_DOCUMENTATION_COMMENTS = YES;
				CLANG_WARN_EMPTY_BODY = YES;
				CLANG_WARN_ENUM_CONVERSION = YES;
				CLANG_WARN_INFINITE_RECURSION = YES;
				CLANG_WARN_INT_CONVERSION = YES;
				CLANG_WARN_OBJC_ROOT_CLASS = YES_ERROR;
				CLANG_WARN_SUSPICIOUS_MOVE = YES;
				CLANG_WARN_UNREACHABLE_CODE = YES;
				CLANG_WARN__DUPLICATE_METHOD_MATCH = YES;
				"CODE_SIGN_IDENTITY[sdk=iphoneos*]" = "iPhone Developer";
				COPY_PHASE_STRIP = NO;
				DEBUG_INFORMATION_FORMAT = "dwarf-with-dsym";
				ENABLE_NS_ASSERTIONS = NO;
				ENABLE_STRICT_OBJC_MSGSEND = YES;
				GCC_C_LANGUAGE_STANDARD = gnu99;
				GCC_NO_COMMON_BLOCKS = YES;
				GCC_WARN_64_TO_32_BIT_CONVERSION = YES;
				GCC_WARN_ABOUT_RETURN_TYPE = YES_ERROR;
				GCC_WARN_UNDECLARED_SELECTOR = YES;
				GCC_WARN_UNINITIALIZED_AUTOS = YES_AGGRESSIVE;
				GCC_WARN_UNUSED_FUNCTION = YES;
				GCC_WARN_UNUSED_VARIABLE = YES;
				IPHONEOS_DEPLOYMENT_TARGET = 10.2;
				MTL_ENABLE_DEBUG_INFO = NO;
				SDKROOT = iphoneos;
				SWIFT_OPTIMIZATION_LEVEL = "-Owholemodule";
				TARGETED_DEVICE_FAMILY = "1,2";
				VALIDATE_PRODUCT = YES;
			};
			name = Release;
		};
		B681A2321ECAB41A0000CB76 /* Debug */ = {
			isa = XCBuildConfiguration;
			baseConfigurationReference = 6B421F3DF09C3CF9C3112395 /* Pods-Hacker News.debug.xcconfig */;
			buildSettings = {
				ASSETCATALOG_COMPILER_APPICON_NAME = AppIcon;
				DEVELOPMENT_TEAM = NE55YZCG66;
				INFOPLIST_FILE = "Hacker News/Info.plist";
				LD_RUNPATH_SEARCH_PATHS = "$(inherited) @executable_path/Frameworks";
				PRODUCT_BUNDLE_IDENTIFIER = "none.com.Hacker-News";
				PRODUCT_NAME = "$(TARGET_NAME)";
				SWIFT_VERSION = 3.0;
			};
			name = Debug;
		};
		B681A2331ECAB41A0000CB76 /* Release */ = {
			isa = XCBuildConfiguration;
			baseConfigurationReference = DF88CF922D2D161EEB5F6F9F /* Pods-Hacker News.release.xcconfig */;
			buildSettings = {
				ASSETCATALOG_COMPILER_APPICON_NAME = AppIcon;
				DEVELOPMENT_TEAM = NE55YZCG66;
				INFOPLIST_FILE = "Hacker News/Info.plist";
				LD_RUNPATH_SEARCH_PATHS = "$(inherited) @executable_path/Frameworks";
				PRODUCT_BUNDLE_IDENTIFIER = "none.com.Hacker-News";
				PRODUCT_NAME = "$(TARGET_NAME)";
				SWIFT_VERSION = 3.0;
			};
			name = Release;
		};
		B681A2351ECAB41A0000CB76 /* Debug */ = {
			isa = XCBuildConfiguration;
			baseConfigurationReference = BE13FCF0225D945CE1343EEA /* Pods-Hacker NewsTests.debug.xcconfig */;
			buildSettings = {
				ALWAYS_EMBED_SWIFT_STANDARD_LIBRARIES = YES;
				BUNDLE_LOADER = "$(TEST_HOST)";
				DEVELOPMENT_TEAM = NE55YZCG66;
				INFOPLIST_FILE = "Hacker NewsTests/Info.plist";
				LD_RUNPATH_SEARCH_PATHS = "$(inherited) @executable_path/Frameworks @loader_path/Frameworks";
				PRODUCT_BUNDLE_IDENTIFIER = "none.com.Hacker-NewsTests";
				PRODUCT_NAME = "$(TARGET_NAME)";
				SWIFT_VERSION = 3.0;
				TEST_HOST = "$(BUILT_PRODUCTS_DIR)/Hacker News.app/Hacker News";
			};
			name = Debug;
		};
		B681A2361ECAB41A0000CB76 /* Release */ = {
			isa = XCBuildConfiguration;
			baseConfigurationReference = E5F5A3907BD5B47C39ACB535 /* Pods-Hacker NewsTests.release.xcconfig */;
			buildSettings = {
				ALWAYS_EMBED_SWIFT_STANDARD_LIBRARIES = YES;
				BUNDLE_LOADER = "$(TEST_HOST)";
				DEVELOPMENT_TEAM = NE55YZCG66;
				INFOPLIST_FILE = "Hacker NewsTests/Info.plist";
				LD_RUNPATH_SEARCH_PATHS = "$(inherited) @executable_path/Frameworks @loader_path/Frameworks";
				PRODUCT_BUNDLE_IDENTIFIER = "none.com.Hacker-NewsTests";
				PRODUCT_NAME = "$(TARGET_NAME)";
				SWIFT_VERSION = 3.0;
				TEST_HOST = "$(BUILT_PRODUCTS_DIR)/Hacker News.app/Hacker News";
			};
			name = Release;
		};
		B681A2381ECAB41A0000CB76 /* Debug */ = {
			isa = XCBuildConfiguration;
			baseConfigurationReference = 23950D6D96601D168682234A /* Pods-Hacker NewsUITests.debug.xcconfig */;
			buildSettings = {
				ALWAYS_EMBED_SWIFT_STANDARD_LIBRARIES = YES;
				DEVELOPMENT_TEAM = NE55YZCG66;
				INFOPLIST_FILE = "Hacker NewsUITests/Info.plist";
				LD_RUNPATH_SEARCH_PATHS = "$(inherited) @executable_path/Frameworks @loader_path/Frameworks";
				PRODUCT_BUNDLE_IDENTIFIER = "none.com.Hacker-NewsUITests";
				PRODUCT_NAME = "$(TARGET_NAME)";
				SWIFT_VERSION = 3.0;
				TEST_TARGET_NAME = "Hacker News";
			};
			name = Debug;
		};
		B681A2391ECAB41A0000CB76 /* Release */ = {
			isa = XCBuildConfiguration;
			baseConfigurationReference = 1E4FE0E501ED399DBC1E7A01 /* Pods-Hacker NewsUITests.release.xcconfig */;
			buildSettings = {
				ALWAYS_EMBED_SWIFT_STANDARD_LIBRARIES = YES;
				DEVELOPMENT_TEAM = NE55YZCG66;
				INFOPLIST_FILE = "Hacker NewsUITests/Info.plist";
				LD_RUNPATH_SEARCH_PATHS = "$(inherited) @executable_path/Frameworks @loader_path/Frameworks";
				PRODUCT_BUNDLE_IDENTIFIER = "none.com.Hacker-NewsUITests";
				PRODUCT_NAME = "$(TARGET_NAME)";
				SWIFT_VERSION = 3.0;
				TEST_TARGET_NAME = "Hacker News";
			};
			name = Release;
		};
/* End XCBuildConfiguration section */

/* Begin XCConfigurationList section */
		B681A2011ECAB4190000CB76 /* Build configuration list for PBXProject "Hacker News" */ = {
			isa = XCConfigurationList;
			buildConfigurations = (
				B681A22F1ECAB41A0000CB76 /* Debug */,
				B681A2301ECAB41A0000CB76 /* Release */,
			);
			defaultConfigurationIsVisible = 0;
			defaultConfigurationName = Release;
		};
		B681A2311ECAB41A0000CB76 /* Build configuration list for PBXNativeTarget "Hacker News" */ = {
			isa = XCConfigurationList;
			buildConfigurations = (
				B681A2321ECAB41A0000CB76 /* Debug */,
				B681A2331ECAB41A0000CB76 /* Release */,
			);
			defaultConfigurationIsVisible = 0;
			defaultConfigurationName = Release;
		};
		B681A2341ECAB41A0000CB76 /* Build configuration list for PBXNativeTarget "Hacker NewsTests" */ = {
			isa = XCConfigurationList;
			buildConfigurations = (
				B681A2351ECAB41A0000CB76 /* Debug */,
				B681A2361ECAB41A0000CB76 /* Release */,
			);
			defaultConfigurationIsVisible = 0;
			defaultConfigurationName = Release;
		};
		B681A2371ECAB41A0000CB76 /* Build configuration list for PBXNativeTarget "Hacker NewsUITests" */ = {
			isa = XCConfigurationList;
			buildConfigurations = (
				B681A2381ECAB41A0000CB76 /* Debug */,
				B681A2391ECAB41A0000CB76 /* Release */,
			);
			defaultConfigurationIsVisible = 0;
			defaultConfigurationName = Release;
		};
/* End XCConfigurationList section */

/* Begin XCVersionGroup section */
		B681A2101ECAB41A0000CB76 /* Hacker_News.xcdatamodeld */ = {
			isa = XCVersionGroup;
			children = (
				B681A2111ECAB41A0000CB76 /* Hacker_News.xcdatamodel */,
			);
			currentVersion = B681A2111ECAB41A0000CB76 /* Hacker_News.xcdatamodel */;
			path = Hacker_News.xcdatamodeld;
			sourceTree = "<group>";
			versionGroupType = wrapper.xcdatamodel;
		};
/* End XCVersionGroup section */
	};
	rootObject = B681A1FE1ECAB4190000CB76 /* Project object */;
}
